// !$*UTF8*$!
{
	archiveVersion = 1;
	classes = {
	};
	objectVersion = 77;
	objects = {

/* Begin PBXContainerItemProxy section */
		497FAAD12DDBFCA300056FC7 /* PBXContainerItemProxy */ = {
			isa = PBXContainerItemProxy;
			containerPortal = 497FAABB2DDBFCA200056FC7 /* Project object */;
			proxyType = 1;
			remoteGlobalIDString = 497FAAC22DDBFCA200056FC7;
			remoteInfo = "Demo App TID";
		};
		497FAADB2DDBFCA300056FC7 /* PBXContainerItemProxy */ = {
			isa = PBXContainerItemProxy;
			containerPortal = 497FAABB2DDBFCA200056FC7 /* Project object */;
			proxyType = 1;
			remoteGlobalIDString = 497FAAC22DDBFCA200056FC7;
			remoteInfo = "Demo App TID";
		};
/* End PBXContainerItemProxy section */

/* Begin PBXFileReference section */
		497FAAC32DDBFCA200056FC7 /* Demo App TID.app */ = {isa = PBXFileReference; explicitFileType = wrapper.application; includeInIndex = 0; path = "Demo App TID.app"; sourceTree = BUILT_PRODUCTS_DIR; };
		497FAAD02DDBFCA300056FC7 /* Demo App TIDTests.xctest */ = {isa = PBXFileReference; explicitFileType = wrapper.cfbundle; includeInIndex = 0; path = "Demo App TIDTests.xctest"; sourceTree = BUILT_PRODUCTS_DIR; };
		497FAADA2DDBFCA300056FC7 /* Demo App TIDUITests.xctest */ = {isa = PBXFileReference; explicitFileType = wrapper.cfbundle; includeInIndex = 0; path = "Demo App TIDUITests.xctest"; sourceTree = BUILT_PRODUCTS_DIR; };
/* End PBXFileReference section */

/* Begin PBXFileSystemSynchronizedRootGroup section */
		497FAAC52DDBFCA200056FC7 /* Demo App TID */ = {
			isa = PBXFileSystemSynchronizedRootGroup;
			path = "Demo App TID";
			sourceTree = "<group>";
		};
		497FAAD32DDBFCA300056FC7 /* Demo App TIDTests */ = {
			isa = PBXFileSystemSynchronizedRootGroup;
			path = "Demo App TIDTests";
			sourceTree = "<group>";
		};
		497FAADD2DDBFCA300056FC7 /* Demo App TIDUITests */ = {
			isa = PBXFileSystemSynchronizedRootGroup;
			path = "Demo App TIDUITests";
			sourceTree = "<group>";
		};
/* End PBXFileSystemSynchronizedRootGroup section */

/* Begin PBXFrameworksBuildPhase section */
		497FAAC02DDBFCA200056FC7 /* Frameworks */ = {
			isa = PBXFrameworksBuildPhase;
			buildActionMask = 2147483647;
			files = (
			);
			runOnlyForDeploymentPostprocessing = 0;
		};
		497FAACD2DDBFCA300056FC7 /* Frameworks */ = {
			isa = PBXFrameworksBuildPhase;
			buildActionMask = 2147483647;
			files = (
			);
			runOnlyForDeploymentPostprocessing = 0;
		};
		497FAAD72DDBFCA300056FC7 /* Frameworks */ = {
			isa = PBXFrameworksBuildPhase;
			buildActionMask = 2147483647;
			files = (
			);
			runOnlyForDeploymentPostprocessing = 0;
		};
/* End PBXFrameworksBuildPhase section */

/* Begin PBXGroup section */
		497FAABA2DDBFCA200056FC7 = {
			isa = PBXGroup;
			children = (
				497FAAC52DDBFCA200056FC7 /* Demo App TID */,
				497FAAD32DDBFCA300056FC7 /* Demo App TIDTests */,
				497FAADD2DDBFCA300056FC7 /* Demo App TIDUITests */,
				497FAAC42DDBFCA200056FC7 /* Products */,
			);
			sourceTree = "<group>";
		};
		497FAAC42DDBFCA200056FC7 /* Products */ = {
			isa = PBXGroup;
			children = (
				497FAAC32DDBFCA200056FC7 /* Demo App TID.app */,
				497FAAD02DDBFCA300056FC7 /* Demo App TIDTests.xctest */,
				497FAADA2DDBFCA300056FC7 /* Demo App TIDUITests.xctest */,
			);
			name = Products;
			sourceTree = "<group>";
		};
/* End PBXGroup section */

/* Begin PBXNativeTarget section */
		497FAAC22DDBFCA200056FC7 /* Demo App TID */ = {
			isa = PBXNativeTarget;
			buildConfigurationList = 497FAAE42DDBFCA300056FC7 /* Build configuration list for PBXNativeTarget "Demo App TID" */;
			buildPhases = (
				497FAABF2DDBFCA200056FC7 /* Sources */,
				497FAAC02DDBFCA200056FC7 /* Frameworks */,
				497FAAC12DDBFCA200056FC7 /* Resources */,
			);
			buildRules = (
			);
			dependencies = (
			);
			fileSystemSynchronizedGroups = (
				497FAAC52DDBFCA200056FC7 /* Demo App TID */,
			);
			name = "Demo App TID";
			packageProductDependencies = (
			);
			productName = "Demo App TID";
			productReference = 497FAAC32DDBFCA200056FC7 /* Demo App TID.app */;
			productType = "com.apple.product-type.application";
		};
		497FAACF2DDBFCA300056FC7 /* Demo App TIDTests */ = {
			isa = PBXNativeTarget;
			buildConfigurationList = 497FAAE72DDBFCA300056FC7 /* Build configuration list for PBXNativeTarget "Demo App TIDTests" */;
			buildPhases = (
				497FAACC2DDBFCA300056FC7 /* Sources */,
				497FAACD2DDBFCA300056FC7 /* Frameworks */,
				497FAACE2DDBFCA300056FC7 /* Resources */,
			);
			buildRules = (
			);
			dependencies = (
				497FAAD22DDBFCA300056FC7 /* PBXTargetDependency */,
			);
			fileSystemSynchronizedGroups = (
				497FAAD32DDBFCA300056FC7 /* Demo App TIDTests */,
			);
			name = "Demo App TIDTests";
			packageProductDependencies = (
			);
			productName = "Demo App TIDTests";
			productReference = 497FAAD02DDBFCA300056FC7 /* Demo App TIDTests.xctest */;
			productType = "com.apple.product-type.bundle.unit-test";
		};
		497FAAD92DDBFCA300056FC7 /* Demo App TIDUITests */ = {
			isa = PBXNativeTarget;
			buildConfigurationList = 497FAAEA2DDBFCA300056FC7 /* Build configuration list for PBXNativeTarget "Demo App TIDUITests" */;
			buildPhases = (
				497FAAD62DDBFCA300056FC7 /* Sources */,
				497FAAD72DDBFCA300056FC7 /* Frameworks */,
				497FAAD82DDBFCA300056FC7 /* Resources */,
			);
			buildRules = (
			);
			dependencies = (
				497FAADC2DDBFCA300056FC7 /* PBXTargetDependency */,
			);
			fileSystemSynchronizedGroups = (
				497FAADD2DDBFCA300056FC7 /* Demo App TIDUITests */,
			);
			name = "Demo App TIDUITests";
			packageProductDependencies = (
			);
			productName = "Demo App TIDUITests";
			productReference = 497FAADA2DDBFCA300056FC7 /* Demo App TIDUITests.xctest */;
			productType = "com.apple.product-type.bundle.ui-testing";
		};
/* End PBXNativeTarget section */

/* Begin PBXProject section */
		497FAABB2DDBFCA200056FC7 /* Project object */ = {
			isa = PBXProject;
			attributes = {
				BuildIndependentTargetsInParallel = 1;
				LastSwiftUpdateCheck = 1630;
				LastUpgradeCheck = 1630;
				TargetAttributes = {
					497FAAC22DDBFCA200056FC7 = {
						CreatedOnToolsVersion = 16.3;
					};
					497FAACF2DDBFCA300056FC7 = {
						CreatedOnToolsVersion = 16.3;
						TestTargetID = 497FAAC22DDBFCA200056FC7;
					};
					497FAAD92DDBFCA300056FC7 = {
						CreatedOnToolsVersion = 16.3;
						TestTargetID = 497FAAC22DDBFCA200056FC7;
					};
				};
			};
			buildConfigurationList = 497FAABE2DDBFCA200056FC7 /* Build configuration list for PBXProject "Demo App TID" */;
			developmentRegion = en;
			hasScannedForEncodings = 0;
			knownRegions = (
				en,
				Base,
			);
			mainGroup = 497FAABA2DDBFCA200056FC7;
			minimizedProjectReferenceProxies = 1;
			preferredProjectObjectVersion = 77;
			productRefGroup = 497FAAC42DDBFCA200056FC7 /* Products */;
			projectDirPath = "";
			projectRoot = "";
			targets = (
				497FAAC22DDBFCA200056FC7 /* Demo App TID */,
				497FAACF2DDBFCA300056FC7 /* Demo App TIDTests */,
				497FAAD92DDBFCA300056FC7 /* Demo App TIDUITests */,
			);
		};
/* End PBXProject section */

/* Begin PBXResourcesBuildPhase section */
		497FAAC12DDBFCA200056FC7 /* Resources */ = {
			isa = PBXResourcesBuildPhase;
			buildActionMask = 2147483647;
			files = (
			);
			runOnlyForDeploymentPostprocessing = 0;
		};
		497FAACE2DDBFCA300056FC7 /* Resources */ = {
			isa = PBXResourcesBuildPhase;
			buildActionMask = 2147483647;
			files = (
			);
			runOnlyForDeploymentPostprocessing = 0;
		};
		497FAAD82DDBFCA300056FC7 /* Resources */ = {
			isa = PBXResourcesBuildPhase;
			buildActionMask = 2147483647;
			files = (
			);
			runOnlyForDeploymentPostprocessing = 0;
		};
/* End PBXResourcesBuildPhase section */

/* Begin PBXSourcesBuildPhase section */
		497FAABF2DDBFCA200056FC7 /* Sources */ = {
			isa = PBXSourcesBuildPhase;
			buildActionMask = 2147483647;
			files = (
			);
			runOnlyForDeploymentPostprocessing = 0;
		};
		497FAACC2DDBFCA300056FC7 /* Sources */ = {
			isa = PBXSourcesBuildPhase;
			buildActionMask = 2147483647;
			files = (
			);
			runOnlyForDeploymentPostprocessing = 0;
		};
		497FAAD62DDBFCA300056FC7 /* Sources */ = {
			isa = PBXSourcesBuildPhase;
			buildActionMask = 2147483647;
			files = (
			);
			runOnlyForDeploymentPostprocessing = 0;
		};
/* End PBXSourcesBuildPhase section */

/* Begin PBXTargetDependency section */
		497FAAD22DDBFCA300056FC7 /* PBXTargetDependency */ = {
			isa = PBXTargetDependency;
			target = 497FAAC22DDBFCA200056FC7 /* Demo App TID */;
			targetProxy = 497FAAD12DDBFCA300056FC7 /* PBXContainerItemProxy */;
		};
		497FAADC2DDBFCA300056FC7 /* PBXTargetDependency */ = {
			isa = PBXTargetDependency;
			target = 497FAAC22DDBFCA200056FC7 /* Demo App TID */;
			targetProxy = 497FAADB2DDBFCA300056FC7 /* PBXContainerItemProxy */;
		};
/* End PBXTargetDependency section */

/* Begin XCBuildConfiguration section */
		497FAAE22DDBFCA300056FC7 /* Debug */ = {
			isa = XCBuildConfiguration;
			buildSettings = {
				ALWAYS_SEARCH_USER_PATHS = NO;
				ASSETCATALOG_COMPILER_GENERATE_SWIFT_ASSET_SYMBOL_EXTENSIONS = YES;
				CLANG_ANALYZER_NONNULL = YES;
				CLANG_ANALYZER_NUMBER_OBJECT_CONVERSION = YES_AGGRESSIVE;
				CLANG_CXX_LANGUAGE_STANDARD = "gnu++20";
				CLANG_ENABLE_MODULES = YES;
				CLANG_ENABLE_OBJC_ARC = YES;
				CLANG_ENABLE_OBJC_WEAK = YES;
				CLANG_WARN_BLOCK_CAPTURE_AUTORELEASING = YES;
				CLANG_WARN_BOOL_CONVERSION = YES;
				CLANG_WARN_COMMA = YES;
				CLANG_WARN_CONSTANT_CONVERSION = YES;
				CLANG_WARN_DEPRECATED_OBJC_IMPLEMENTATIONS = YES;
				CLANG_WARN_DIRECT_OBJC_ISA_USAGE = YES_ERROR;
				CLANG_WARN_DOCUMENTATION_COMMENTS = YES;
				CLANG_WARN_EMPTY_BODY = YES;
				CLANG_WARN_ENUM_CONVERSION = YES;
				CLANG_WARN_INFINITE_RECURSION = YES;
				CLANG_WARN_INT_CONVERSION = YES;
				CLANG_WARN_NON_LITERAL_NULL_CONVERSION = YES;
				CLANG_WARN_OBJC_IMPLICIT_RETAIN_SELF = YES;
				CLANG_WARN_OBJC_LITERAL_CONVERSION = YES;
				CLANG_WARN_OBJC_ROOT_CLASS = YES_ERROR;
				CLANG_WARN_QUOTED_INCLUDE_IN_FRAMEWORK_HEADER = YES;
				CLANG_WARN_RANGE_LOOP_ANALYSIS = YES;
				CLANG_WARN_STRICT_PROTOTYPES = YES;
				CLANG_WARN_SUSPICIOUS_MOVE = YES;
				CLANG_WARN_UNGUARDED_AVAILABILITY = YES_AGGRESSIVE;
				CLANG_WARN_UNREACHABLE_CODE = YES;
				CLANG_WARN__DUPLICATE_METHOD_MATCH = YES;
				COPY_PHASE_STRIP = NO;
				DEBUG_INFORMATION_FORMAT = dwarf;
				ENABLE_STRICT_OBJC_MSGSEND = YES;
				ENABLE_TESTABILITY = YES;
				ENABLE_USER_SCRIPT_SANDBOXING = YES;
				GCC_C_LANGUAGE_STANDARD = gnu17;
				GCC_DYNAMIC_NO_PIC = NO;
				GCC_NO_COMMON_BLOCKS = YES;
				GCC_OPTIMIZATION_LEVEL = 0;
				GCC_PREPROCESSOR_DEFINITIONS = (
					"DEBUG=1",
					"$(inherited)",
				);
				GCC_WARN_64_TO_32_BIT_CONVERSION = YES;
				GCC_WARN_ABOUT_RETURN_TYPE = YES_ERROR;
				GCC_WARN_UNDECLARED_SELECTOR = YES;
				GCC_WARN_UNINITIALIZED_AUTOS = YES_AGGRESSIVE;
				GCC_WARN_UNUSED_FUNCTION = YES;
				GCC_WARN_UNUSED_VARIABLE = YES;
				IPHONEOS_DEPLOYMENT_TARGET = 18.4;
				LOCALIZATION_PREFERS_STRING_CATALOGS = YES;
				MTL_ENABLE_DEBUG_INFO = INCLUDE_SOURCE;
				MTL_FAST_MATH = YES;
				ONLY_ACTIVE_ARCH = YES;
				SDKROOT = iphoneos;
				SWIFT_ACTIVE_COMPILATION_CONDITIONS = "DEBUG $(inherited)";
				SWIFT_OPTIMIZATION_LEVEL = "-Onone";
			};
			name = Debug;
		};
		497FAAE32DDBFCA300056FC7 /* Release */ = {
			isa = XCBuildConfiguration;
			buildSettings = {
				ALWAYS_SEARCH_USER_PATHS = NO;
				ASSETCATALOG_COMPILER_GENERATE_SWIFT_ASSET_SYMBOL_EXTENSIONS = YES;
				CLANG_ANALYZER_NONNULL = YES;
				CLANG_ANALYZER_NUMBER_OBJECT_CONVERSION = YES_AGGRESSIVE;
				CLANG_CXX_LANGUAGE_STANDARD = "gnu++20";
				CLANG_ENABLE_MODULES = YES;
				CLANG_ENABLE_OBJC_ARC = YES;
				CLANG_ENABLE_OBJC_WEAK = YES;
				CLANG_WARN_BLOCK_CAPTURE_AUTORELEASING = YES;
				CLANG_WARN_BOOL_CONVERSION = YES;
				CLANG_WARN_COMMA = YES;
				CLANG_WARN_CONSTANT_CONVERSION = YES;
				CLANG_WARN_DEPRECATED_OBJC_IMPLEMENTATIONS = YES;
				CLANG_WARN_DIRECT_OBJC_ISA_USAGE = YES_ERROR;
				CLANG_WARN_DOCUMENTATION_COMMENTS = YES;
				CLANG_WARN_EMPTY_BODY = YES;
				CLANG_WARN_ENUM_CONVERSION = YES;
				CLANG_WARN_INFINITE_RECURSION = YES;
				CLANG_WARN_INT_CONVERSION = YES;
				CLANG_WARN_NON_LITERAL_NULL_CONVERSION = YES;
				CLANG_WARN_OBJC_IMPLICIT_RETAIN_SELF = YES;
				CLANG_WARN_OBJC_LITERAL_CONVERSION = YES;
				CLANG_WARN_OBJC_ROOT_CLASS = YES_ERROR;
				CLANG_WARN_QUOTED_INCLUDE_IN_FRAMEWORK_HEADER = YES;
				CLANG_WARN_RANGE_LOOP_ANALYSIS = YES;
				CLANG_WARN_STRICT_PROTOTYPES = YES;
				CLANG_WARN_SUSPICIOUS_MOVE = YES;
				CLANG_WARN_UNGUARDED_AVAILABILITY = YES_AGGRESSIVE;
				CLANG_WARN_UNREACHABLE_CODE = YES;
				CLANG_WARN__DUPLICATE_METHOD_MATCH = YES;
				COPY_PHASE_STRIP = NO;
				DEBUG_INFORMATION_FORMAT = "dwarf-with-dsym";
				ENABLE_NS_ASSERTIONS = NO;
				ENABLE_STRICT_OBJC_MSGSEND = YES;
				ENABLE_USER_SCRIPT_SANDBOXING = YES;
				GCC_C_LANGUAGE_STANDARD = gnu17;
				GCC_NO_COMMON_BLOCKS = YES;
				GCC_WARN_64_TO_32_BIT_CONVERSION = YES;
				GCC_WARN_ABOUT_RETURN_TYPE = YES_ERROR;
				GCC_WARN_UNDECLARED_SELECTOR = YES;
				GCC_WARN_UNINITIALIZED_AUTOS = YES_AGGRESSIVE;
				GCC_WARN_UNUSED_FUNCTION = YES;
				GCC_WARN_UNUSED_VARIABLE = YES;
				IPHONEOS_DEPLOYMENT_TARGET = 18.4;
				LOCALIZATION_PREFERS_STRING_CATALOGS = YES;
				MTL_ENABLE_DEBUG_INFO = NO;
				MTL_FAST_MATH = YES;
				SDKROOT = iphoneos;
				SWIFT_COMPILATION_MODE = wholemodule;
				VALIDATE_PRODUCT = YES;
			};
			name = Release;
		};
		497FAAE52DDBFCA300056FC7 /* Debug */ = {
			isa = XCBuildConfiguration;
			buildSettings = {
				ASSETCATALOG_COMPILER_APPICON_NAME = AppIcon;
				ASSETCATALOG_COMPILER_GLOBAL_ACCENT_COLOR_NAME = AccentColor;
				CODE_SIGN_ENTITLEMENTS = "Demo App TID/Demo App TID.entitlements";
				CODE_SIGN_IDENTITY = "Apple Development";
				CODE_SIGN_STYLE = Automatic;
				CURRENT_PROJECT_VERSION = 1;
				DEVELOPMENT_TEAM = GY655B3899;
				ENABLE_PREVIEWS = YES;
				GENERATE_INFOPLIST_FILE = YES;
				INFOPLIST_FILE = "Demo-App-TID-Info.plist";
				INFOPLIST_KEY_NSHealthShareUsageDescription = "Please allow acces to enjoy all the features of the application";
				INFOPLIST_KEY_NSHealthUpdateUsageDescription = "This app register your weight";
				INFOPLIST_KEY_UIApplicationSceneManifest_Generation = YES;
				INFOPLIST_KEY_UIApplicationSupportsIndirectInputEvents = YES;
				INFOPLIST_KEY_UILaunchScreen_Generation = YES;
				INFOPLIST_KEY_UISupportedInterfaceOrientations_iPad = "UIInterfaceOrientationPortrait UIInterfaceOrientationPortraitUpsideDown UIInterfaceOrientationLandscapeLeft UIInterfaceOrientationLandscapeRight";
				INFOPLIST_KEY_UISupportedInterfaceOrientations_iPhone = "UIInterfaceOrientationPortrait UIInterfaceOrientationLandscapeLeft UIInterfaceOrientationLandscapeRight";
				LD_RUNPATH_SEARCH_PATHS = (
					"$(inherited)",
					"@executable_path/Frameworks",
				);
				MARKETING_VERSION = 1.0;
				PRODUCT_BUNDLE_IDENTIFIER = com.miguel.HealthTID.10234568;
				PRODUCT_NAME = "$(TARGET_NAME)";
				PROVISIONING_PROFILE_SPECIFIER = "";
				SWIFT_EMIT_LOC_STRINGS = YES;
				SWIFT_VERSION = 5.0;
				TARGETED_DEVICE_FAMILY = "1,2";
			};
			name = Debug;
		};
		497FAAE62DDBFCA300056FC7 /* Release */ = {
			isa = XCBuildConfiguration;
			buildSettings = {
				ASSETCATALOG_COMPILER_APPICON_NAME = AppIcon;
				ASSETCATALOG_COMPILER_GLOBAL_ACCENT_COLOR_NAME = AccentColor;
				CODE_SIGN_ENTITLEMENTS = "Demo App TID/Demo App TID.entitlements";
				CODE_SIGN_IDENTITY = "Apple Development";
				CODE_SIGN_STYLE = Automatic;
				CURRENT_PROJECT_VERSION = 1;
				DEVELOPMENT_TEAM = GY655B3899;
				ENABLE_PREVIEWS = YES;
				GENERATE_INFOPLIST_FILE = YES;
				INFOPLIST_FILE = "Demo-App-TID-Info.plist";
				INFOPLIST_KEY_NSHealthShareUsageDescription = "Please allow acces to enjoy all the features of the application";
				INFOPLIST_KEY_NSHealthUpdateUsageDescription = "This app register your weight";
				INFOPLIST_KEY_UIApplicationSceneManifest_Generation = YES;
				INFOPLIST_KEY_UIApplicationSupportsIndirectInputEvents = YES;
				INFOPLIST_KEY_UILaunchScreen_Generation = YES;
				INFOPLIST_KEY_UISupportedInterfaceOrientations_iPad = "UIInterfaceOrientationPortrait UIInterfaceOrientationPortraitUpsideDown UIInterfaceOrientationLandscapeLeft UIInterfaceOrientationLandscapeRight";
				INFOPLIST_KEY_UISupportedInterfaceOrientations_iPhone = "UIInterfaceOrientationPortrait UIInterfaceOrientationLandscapeLeft UIInterfaceOrientationLandscapeRight";
				LD_RUNPATH_SEARCH_PATHS = (
					"$(inherited)",
					"@executable_path/Frameworks",
				);
				MARKETING_VERSION = 1.0;
				PRODUCT_BUNDLE_IDENTIFIER = com.miguel.HealthTID.10234568;
				PRODUCT_NAME = "$(TARGET_NAME)";
				PROVISIONING_PROFILE_SPECIFIER = "";
				SWIFT_EMIT_LOC_STRINGS = YES;
				SWIFT_VERSION = 5.0;
				TARGETED_DEVICE_FAMILY = "1,2";
			};
			name = Release;
		};
		497FAAE82DDBFCA300056FC7 /* Debug */ = {
			isa = XCBuildConfiguration;
			buildSettings = {
				BUNDLE_LOADER = "$(TEST_HOST)";
				CODE_SIGN_STYLE = Automatic;
				CURRENT_PROJECT_VERSION = 1;
				GENERATE_INFOPLIST_FILE = YES;
				IPHONEOS_DEPLOYMENT_TARGET = 18.4;
				MARKETING_VERSION = 1.0;
				PRODUCT_BUNDLE_IDENTIFIER = "aiwolf.Demo-App-TIDTests";
				PRODUCT_NAME = "$(TARGET_NAME)";
				SWIFT_EMIT_LOC_STRINGS = NO;
				SWIFT_VERSION = 5.0;
				TARGETED_DEVICE_FAMILY = "1,2";
				TEST_HOST = "$(BUILT_PRODUCTS_DIR)/Demo App TID.app/$(BUNDLE_EXECUTABLE_FOLDER_PATH)/Demo App TID";
			};
			name = Debug;
		};
		497FAAE92DDBFCA300056FC7 /* Release */ = {
			isa = XCBuildConfiguration;
			buildSettings = {
				BUNDLE_LOADER = "$(TEST_HOST)";
				CODE_SIGN_STYLE = Automatic;
				CURRENT_PROJECT_VERSION = 1;
				GENERATE_INFOPLIST_FILE = YES;
				IPHONEOS_DEPLOYMENT_TARGET = 18.4;
				MARKETING_VERSION = 1.0;
				PRODUCT_BUNDLE_IDENTIFIER = "aiwolf.Demo-App-TIDTests";
				PRODUCT_NAME = "$(TARGET_NAME)";
				SWIFT_EMIT_LOC_STRINGS = NO;
				SWIFT_VERSION = 5.0;
				TARGETED_DEVICE_FAMILY = "1,2";
				TEST_HOST = "$(BUILT_PRODUCTS_DIR)/Demo App TID.app/$(BUNDLE_EXECUTABLE_FOLDER_PATH)/Demo App TID";
			};
			name = Release;
		};
		497FAAEB2DDBFCA300056FC7 /* Debug */ = {
			isa = XCBuildConfiguration;
			buildSettings = {
				CODE_SIGN_STYLE = Automatic;
				CURRENT_PROJECT_VERSION = 1;
				GENERATE_INFOPLIST_FILE = YES;
				MARKETING_VERSION = 1.0;
				PRODUCT_BUNDLE_IDENTIFIER = "aiwolf.Demo-App-TIDUITests";
				PRODUCT_NAME = "$(TARGET_NAME)";
				SWIFT_EMIT_LOC_STRINGS = NO;
				SWIFT_VERSION = 5.0;
				TARGETED_DEVICE_FAMILY = "1,2";
				TEST_TARGET_NAME = "Demo App TID";
			};
			name = Debug;
		};
		497FAAEC2DDBFCA300056FC7 /* Release */ = {
			isa = XCBuildConfiguration;
			buildSettings = {
				CODE_SIGN_STYLE = Automatic;
				CURRENT_PROJECT_VERSION = 1;
				GENERATE_INFOPLIST_FILE = YES;
				MARKETING_VERSION = 1.0;
				PRODUCT_BUNDLE_IDENTIFIER = "aiwolf.Demo-App-TIDUITests";
				PRODUCT_NAME = "$(TARGET_NAME)";
				SWIFT_EMIT_LOC_STRINGS = NO;
				SWIFT_VERSION = 5.0;
				TARGETED_DEVICE_FAMILY = "1,2";
				TEST_TARGET_NAME = "Demo App TID";
			};
			name = Release;
		};
/* End XCBuildConfiguration section */

/* Begin XCConfigurationList section */
		497FAABE2DDBFCA200056FC7 /* Build configuration list for PBXProject "Demo App TID" */ = {
			isa = XCConfigurationList;
			buildConfigurations = (
				497FAAE22DDBFCA300056FC7 /* Debug */,
				497FAAE32DDBFCA300056FC7 /* Release */,
			);
			defaultConfigurationIsVisible = 0;
			defaultConfigurationName = Release;
		};
		497FAAE42DDBFCA300056FC7 /* Build configuration list for PBXNativeTarget "Demo App TID" */ = {
			isa = XCConfigurationList;
			buildConfigurations = (
				497FAAE52DDBFCA300056FC7 /* Debug */,
				497FAAE62DDBFCA300056FC7 /* Release */,
			);
			defaultConfigurationIsVisible = 0;
			defaultConfigurationName = Release;
		};
		497FAAE72DDBFCA300056FC7 /* Build configuration list for PBXNativeTarget "Demo App TIDTests" */ = {
			isa = XCConfigurationList;
			buildConfigurations = (
				497FAAE82DDBFCA300056FC7 /* Debug */,
				497FAAE92DDBFCA300056FC7 /* Release */,
			);
			defaultConfigurationIsVisible = 0;
			defaultConfigurationName = Release;
		};
		497FAAEA2DDBFCA300056FC7 /* Build configuration list for PBXNativeTarget "Demo App TIDUITests" */ = {
			isa = XCConfigurationList;
			buildConfigurations = (
				497FAAEB2DDBFCA300056FC7 /* Debug */,
				497FAAEC2DDBFCA300056FC7 /* Release */,
			);
			defaultConfigurationIsVisible = 0;
			defaultConfigurationName = Release;
		};
/* End XCConfigurationList section */
	};
	rootObject = 497FAABB2DDBFCA200056FC7 /* Project object */;
}
